
Microsoft Visual Studio Solution File, Format Version 12.00
# Visual Studio Version 16
VisualStudioVersion = 16.0.30406.18
MinimumVisualStudioVersion = 10.0.40219.1
Project("{FAE04EC0-301F-11D3-BF4B-00C04F79EFBC}") = "GitChangesPageExamples", "GitChangesPageExamples\GitChangesPageExamples.csproj", "{F11EBCAE-D1AB-4005-846A-6F84984515BD}"
EndProject
Global
	GlobalSection(SolutionConfigurationPlatforms) = preSolution
		Debug|Any CPU = Debug|Any CPU
		Release|Any CPU = Release|Any CPU
	EndGlobalSection
	GlobalSection(ProjectConfigurationPlatforms) = postSolution
		{F11EBCAE-D1AB-4005-846A-6F84984515BD}.Debug|Any CPU.ActiveCfg = Debug|Any CPU
		{F11EBCAE-D1AB-4005-846A-6F84984515BD}.Debug|Any CPU.Build.0 = Debug|Any CPU
		{F11EBCAE-D1AB-4005-846A-6F84984515BD}.Release|Any CPU.ActiveCfg = Release|Any CPU
		{F11EBCAE-D1AB-4005-846A-6F84984515BD}.Release|Any CPU.Build.0 = Release|Any CPU
	EndGlobalSection
	GlobalSection(SolutionProperties) = preSolution
		HideSolutionNode = FALSE
	EndGlobalSection
	GlobalSection(ExtensibilityGlobals) = postSolution
		SolutionGuid = {C960E3B8-7EDE-413A-89CF-402819A17D6C}
	EndGlobalSection
EndGlobal
